
Microsoft Visual Studio Solution File, Format Version 12.00
# Visual Studio Version 17
VisualStudioVersion = 17.4.33213.308
MinimumVisualStudioVersion = 10.0.40219.1
Project("{FAE04EC0-301F-11D3-BF4B-00C04F79EFBC}") = "1-helloWorld", "1-helloWorld\1-helloWorld.csproj", "{164086D6-8919-45F7-B539-C453B09151B4}"
EndProject
Project("{FAE04EC0-301F-11D3-BF4B-00C04F79EFBC}") = "2-creatingVariables", "2-creatingVariables\2-creatingVariables.csproj", "{7040C5AF-6B38-4B74-A58C-282DE717C275}"
EndProject
Project("{FAE04EC0-301F-11D3-BF4B-00C04F79EFBC}") = "3-double", "..\3-double\3-double.csproj", "{EDDCBFFA-40DA-4B46-84CD-3BD30A154FEA}"
EndProject
Project("{FAE04EC0-301F-11D3-BF4B-00C04F79EFBC}") = "4-convertion", "..\4-convertion\4-convertion.csproj", "{A6E8F70C-0969-4320-BA50-02DA66DB0E3B}"
EndProject
Global
	GlobalSection(SolutionConfigurationPlatforms) = preSolution
		Debug|Any CPU = Debug|Any CPU
		Release|Any CPU = Release|Any CPU
	EndGlobalSection
	GlobalSection(ProjectConfigurationPlatforms) = postSolution
		{164086D6-8919-45F7-B539-C453B09151B4}.Debug|Any CPU.ActiveCfg = Debug|Any CPU
		{164086D6-8919-45F7-B539-C453B09151B4}.Debug|Any CPU.Build.0 = Debug|Any CPU
		{164086D6-8919-45F7-B539-C453B09151B4}.Release|Any CPU.ActiveCfg = Release|Any CPU
		{164086D6-8919-45F7-B539-C453B09151B4}.Release|Any CPU.Build.0 = Release|Any CPU
		{7040C5AF-6B38-4B74-A58C-282DE717C275}.Debug|Any CPU.ActiveCfg = Debug|Any CPU
		{7040C5AF-6B38-4B74-A58C-282DE717C275}.Debug|Any CPU.Build.0 = Debug|Any CPU
		{7040C5AF-6B38-4B74-A58C-282DE717C275}.Release|Any CPU.ActiveCfg = Release|Any CPU
		{7040C5AF-6B38-4B74-A58C-282DE717C275}.Release|Any CPU.Build.0 = Release|Any CPU
		{EDDCBFFA-40DA-4B46-84CD-3BD30A154FEA}.Debug|Any CPU.ActiveCfg = Debug|Any CPU
		{EDDCBFFA-40DA-4B46-84CD-3BD30A154FEA}.Debug|Any CPU.Build.0 = Debug|Any CPU
		{EDDCBFFA-40DA-4B46-84CD-3BD30A154FEA}.Release|Any CPU.ActiveCfg = Release|Any CPU
		{EDDCBFFA-40DA-4B46-84CD-3BD30A154FEA}.Release|Any CPU.Build.0 = Release|Any CPU
		{A6E8F70C-0969-4320-BA50-02DA66DB0E3B}.Debug|Any CPU.ActiveCfg = Debug|Any CPU
		{A6E8F70C-0969-4320-BA50-02DA66DB0E3B}.Debug|Any CPU.Build.0 = Debug|Any CPU
		{A6E8F70C-0969-4320-BA50-02DA66DB0E3B}.Release|Any CPU.ActiveCfg = Release|Any CPU
		{A6E8F70C-0969-4320-BA50-02DA66DB0E3B}.Release|Any CPU.Build.0 = Release|Any CPU
	EndGlobalSection
	GlobalSection(SolutionProperties) = preSolution
		HideSolutionNode = FALSE
	EndGlobalSection
	GlobalSection(ExtensibilityGlobals) = postSolution
		SolutionGuid = {52B7F73E-7A74-4DBF-AE09-74AFAB1440AD}
	EndGlobalSection
EndGlobal
